
Microsoft Visual Studio Solution File, Format Version 12.00
# Visual Studio Version 16
VisualStudioVersion = 16.0.30011.22
MinimumVisualStudioVersion = 10.0.40219.1
Project("{FAE04EC0-301F-11D3-BF4B-00C04F79EFBC}") = "ProvaArray", "ProvaArray\ProvaArray.csproj", "{B6C0FBFC-E7BD-45AC-99F3-76FB8A084DD8}"
EndProject
Project("{FAE04EC0-301F-11D3-BF4B-00C04F79EFBC}") = "GestioneArray", "GestioneArray\GestioneArray.csproj", "{151F3427-BDE4-4BA8-983A-F046CF0B5FB3}"
EndProject
Global
	GlobalSection(SolutionConfigurationPlatforms) = preSolution
		Debug|Any CPU = Debug|Any CPU
		Release|Any CPU = Release|Any CPU
	EndGlobalSection
	GlobalSection(ProjectConfigurationPlatforms) = postSolution
		{B6C0FBFC-E7BD-45AC-99F3-76FB8A084DD8}.Debug|Any CPU.ActiveCfg = Debug|Any CPU
		{B6C0FBFC-E7BD-45AC-99F3-76FB8A084DD8}.Debug|Any CPU.Build.0 = Debug|Any CPU
		{B6C0FBFC-E7BD-45AC-99F3-76FB8A084DD8}.Release|Any CPU.ActiveCfg = Release|Any CPU
		{B6C0FBFC-E7BD-45AC-99F3-76FB8A084DD8}.Release|Any CPU.Build.0 = Release|Any CPU
		{151F3427-BDE4-4BA8-983A-F046CF0B5FB3}.Debug|Any CPU.ActiveCfg = Debug|Any CPU
		{151F3427-BDE4-4BA8-983A-F046CF0B5FB3}.Debug|Any CPU.Build.0 = Debug|Any CPU
		{151F3427-BDE4-4BA8-983A-F046CF0B5FB3}.Release|Any CPU.ActiveCfg = Release|Any CPU
		{151F3427-BDE4-4BA8-983A-F046CF0B5FB3}.Release|Any CPU.Build.0 = Release|Any CPU
	EndGlobalSection
	GlobalSection(SolutionProperties) = preSolution
		HideSolutionNode = FALSE
	EndGlobalSection
	GlobalSection(ExtensibilityGlobals) = postSolution
		SolutionGuid = {1343606B-B1A8-4E0C-BB77-E84575F8D315}
	EndGlobalSection
EndGlobal
